
Microsoft Visual Studio Solution File, Format Version 12.00
# Visual Studio 15
VisualStudioVersion = 15.0.28010.2036
MinimumVisualStudioVersion = 10.0.40219.1
Project("{FAE04EC0-301F-11D3-BF4B-00C04F79EFBC}") = "database", "database\database.csproj", "{BDEA9A94-74BA-4A30-B8A4-670155E07756}"
EndProject
Global
	GlobalSection(SolutionConfigurationPlatforms) = preSolution
		Debug|Any CPU = Debug|Any CPU
		Release|Any CPU = Release|Any CPU
	EndGlobalSection
	GlobalSection(ProjectConfigurationPlatforms) = postSolution
		{BDEA9A94-74BA-4A30-B8A4-670155E07756}.Debug|Any CPU.ActiveCfg = Debug|Any CPU
		{BDEA9A94-74BA-4A30-B8A4-670155E07756}.Debug|Any CPU.Build.0 = Debug|Any CPU
		{BDEA9A94-74BA-4A30-B8A4-670155E07756}.Release|Any CPU.ActiveCfg = Release|Any CPU
		{BDEA9A94-74BA-4A30-B8A4-670155E07756}.Release|Any CPU.Build.0 = Release|Any CPU
	EndGlobalSection
	GlobalSection(SolutionProperties) = preSolution
		HideSolutionNode = FALSE
	EndGlobalSection
	GlobalSection(ExtensibilityGlobals) = postSolution
		SolutionGuid = {1997162D-6FA4-48FD-989A-33CEF6DC2F82}
	EndGlobalSection
EndGlobal
